{
  "name": "mpzj-test-lib-0.1",
  "version": "1.0.1",
  "lockfileVersion": 2,
  "requires": true,
  "packages": {
    "": {
      "name": "mpzj-test-lib-0.1",
      "version": "1.0.1",
      "license": "ISC",
      "devDependencies": {
        "typescript": "*"
      }
    },
    "node_modules/typescript": {
      "dev": true
    }
  },
  "dependencies": {
    "typescript": {
      "dev": true
    }
  }
}
